<?xml version="1.0" encoding="utf-8"?>
<Project ToolsVersion="4.0" xmlns="http://schemas.microsoft.com/developer/msbuild/2003">
  <ItemGroup>
    <Filter Include="Source Files">
      <UniqueIdentifier>{4FC737F1-C7A5-4376-A066-2A32D752A2FF}</UniqueIdentifier>
      <Extensions>cpp;c;cc;cxx;c++;cppm;ixx;def;odl;idl;hpj;bat;asm;asmx</Extensions>
    </Filter>
    <Filter Include="Header Files">
      <UniqueIdentifier>{93995380-89BD-4b04-88EB-625FBE52EBFB}</UniqueIdentifier>
      <Extensions>h;hh;hpp;hxx;h++;hm;inl;inc;ipp;xsd</Extensions>
    </Filter>
    <Filter Include="Resource Files">
      <UniqueIdentifier>{67DA6AB6-F800-4c08-8B7A-83BB121AAD01}</UniqueIdentifier>
      <Extensions>rc;ico;cur;bmp;dlg;rc2;rct;bin;rgs;gif;jpg;jpeg;jpe;resx;tiff;tif;png;wav;mfcribbon-ms</Extensions>
    </Filter>
    <Filter Include="Header Files\Asset">
      <UniqueIdentifier>{ff9397f4-1b70-41b7-8a15-dfe8cb0bf04f}</UniqueIdentifier>
    </Filter>
    <Filter Include="Header Files\Graphics">
      <UniqueIdentifier>{a438f2ec-2893-4d30-b706-618fde325543}</UniqueIdentifier>
    </Filter>
    <Filter Include="Source Files\Asset">
      <UniqueIdentifier>{8671ff01-18c3-4a0f-9f86-d98dc8a66666}</UniqueIdentifier>
    </Filter>
    <Filter Include="Source Files\Graphics">
      <UniqueIdentifier>{c55f6a24-3e91-439b-9c2d-d86a7ab8bf2c}</UniqueIdentifier>
    </Filter>
    <Filter Include="Resource Files\Shaders">
      <UniqueIdentifier>{88a40730-7d00-4104-91ad-9f3732a1834d}</UniqueIdentifier>
    </Filter>
    <Filter Include="Resource Files\Misc">
      <UniqueIdentifier>{64ca592b-7a40-4c96-af43-17d3164204b5}</UniqueIdentifier>
    </Filter>
    <Filter Include="Resource Files\Classes">
      <UniqueIdentifier>{c3a9d61c-8c40-4a42-beb3-4953b0fc8aa7}</UniqueIdentifier>
    </Filter>
    <Filter Include="Resource Files\Shaders\Deferred">
      <UniqueIdentifier>{ac8592ee-d8a9-43d2-b462-ad8c2274233b}</UniqueIdentifier>
    </Filter>
    <Filter Include="Resource Files\Shaders\Shadows">
      <UniqueIdentifier>{f3561f68-254f-4ace-be80-a028464b50ca}</UniqueIdentifier>
    </Filter>
    <Filter Include="Resource Files\Shaders\Level of Detail">
      <UniqueIdentifier>{9c1f8709-ebe6-49ff-8a2e-52b131e350f1}</UniqueIdentifier>
    </Filter>
    <Filter Include="Resource Files\Shaders\Particles">
      <UniqueIdentifier>{cf47a49d-7717-44b9-90c9-f6540cf0fdc3}</UniqueIdentifier>
    </Filter>
  </ItemGroup>
  <ItemGroup>
    <ClCompile Include="main.cpp">
      <Filter>Source Files</Filter>
    </ClCompile>
    <ClCompile Include="Assets.cpp">
      <Filter>Source Files\Asset</Filter>
    </ClCompile>
    <ClCompile Include="Mesh.cpp">
      <Filter>Source Files\Asset</Filter>
    </ClCompile>
    <ClCompile Include="wWindow.cpp">
      <Filter>Source Files\Graphics</Filter>
    </ClCompile>
    <ClCompile Include="Camera.cpp">
      <Filter>Source Files\Graphics</Filter>
    </ClCompile>
    <ClCompile Include="Renderer.cpp">
      <Filter>Source Files\Graphics</Filter>
    </ClCompile>
    <ClCompile Include="Texture.cpp">
      <Filter>Source Files\Asset</Filter>
    </ClCompile>
    <ClCompile Include="ShadowLight.cpp">
      <Filter>Source Files\Asset</Filter>
    </ClCompile>
    <ClCompile Include="DCEMAsset.cpp">
      <Filter>Source Files\Asset</Filter>
    </ClCompile>
    <ClCompile Include="Particle.cpp">
      <Filter>Source Files\Asset</Filter>
    </ClCompile>
  </ItemGroup>
  <ItemGroup>
    <Text Include="README.md" />
    <Text Include="enables.h">
      <Filter>Resource Files\Misc</Filter>
    </Text>
  </ItemGroup>
  <ItemGroup>
    <ClInclude Include="Mesh.h">
      <Filter>Header Files\Asset</Filter>
    </ClInclude>
    <ClInclude Include="Renderer.h">
      <Filter>Header Files\Graphics</Filter>
    </ClInclude>
    <ClInclude Include="Camera.h">
      <Filter>Header Files\Graphics</Filter>
    </ClInclude>
    <ClInclude Include="Assets.h">
      <Filter>Header Files\Asset</Filter>
    </ClInclude>
    <ClInclude Include="Structures.h">
      <Filter>Resource Files\Misc</Filter>
    </ClInclude>
    <ClInclude Include="Settings.h">
      <Filter>Resource Files\Misc</Filter>
    </ClInclude>
    <ClInclude Include="stb_image.h">
      <Filter>Resource Files\Misc</Filter>
    </ClInclude>
    <ClInclude Include="ShadowLight.h">
      <Filter>Header Files\Asset</Filter>
    </ClInclude>
    <ClInclude Include="DCEMAsset.h">
      <Filter>Header Files\Asset</Filter>
    </ClInclude>
    <ClInclude Include="Texture.h">
      <Filter>Header Files\Asset</Filter>
    </ClInclude>
    <ClInclude Include="wWindow.h">
      <Filter>Header Files\Graphics</Filter>
    </ClInclude>
    <ClInclude Include="quadTree.h">
      <Filter>Resource Files\Classes</Filter>
    </ClInclude>
    <ClInclude Include="Particle.h">
      <Filter>Header Files\Asset</Filter>
    </ClInclude>
  </ItemGroup>
  <ItemGroup>
    <FxCompile Include="LightPass.hlsl">
      <Filter>Resource Files\Shaders\Deferred</Filter>
    </FxCompile>
    <FxCompile Include="PixelShaderDeferred.hlsl">
      <Filter>Resource Files\Shaders\Deferred</Filter>
    </FxCompile>
    <FxCompile Include="VertexShaderDeferred.hlsl">
      <Filter>Resource Files\Shaders\Deferred</Filter>
    </FxCompile>
    <FxCompile Include="ShadowPassVS.hlsl">
      <Filter>Resource Files\Shaders\Shadows</Filter>
    </FxCompile>
    <FxCompile Include="LODDomainShader.hlsl">
      <Filter>Resource Files\Shaders\Level of Detail</Filter>
    </FxCompile>
    <FxCompile Include="LODHullShader.hlsl">
      <Filter>Resource Files\Shaders\Level of Detail</Filter>
    </FxCompile>
    <FxCompile Include="ParticleCS.hlsl">
      <Filter>Resource Files\Shaders\Particles</Filter>
    </FxCompile>
    <FxCompile Include="ParticleGS.hlsl">
      <Filter>Resource Files\Shaders\Particles</Filter>
    </FxCompile>
    <FxCompile Include="ParticlePS.hlsl">
      <Filter>Resource Files\Shaders\Particles</Filter>
    </FxCompile>
    <FxCompile Include="ParticleVS.hlsl">
      <Filter>Resource Files\Shaders\Particles</Filter>
    </FxCompile>
  </ItemGroup>
</Project>